
Microsoft Visual Studio Solution File, Format Version 12.00
# Visual Studio Version 16
VisualStudioVersion = 16.0.28721.148
MinimumVisualStudioVersion = 10.0.40219.1
Project("{FAE04EC0-301F-11D3-BF4B-00C04F79EFBC}") = "FirstApp.Android", "FirstApp\FirstApp.Android\FirstApp.Android.csproj", "{3CBE1C8D-C89B-4872-896B-125E08DCF48D}"
EndProject
Project("{FAE04EC0-301F-11D3-BF4B-00C04F79EFBC}") = "FirstApp.iOS", "FirstApp\FirstApp.iOS\FirstApp.iOS.csproj", "{F19AA098-05D5-460E-B0EB-16945E6D7E56}"
EndProject
Project("{FAE04EC0-301F-11D3-BF4B-00C04F79EFBC}") = "FirstApp", "FirstApp\FirstApp\FirstApp.csproj", "{8759B53C-4ED8-4D6E-B569-23EA7BEEB693}"
EndProject
Global
	GlobalSection(SolutionConfigurationPlatforms) = preSolution
		Debug|Any CPU = Debug|Any CPU
		Debug|iPhone = Debug|iPhone
		Debug|iPhoneSimulator = Debug|iPhoneSimulator
		Release|Any CPU = Release|Any CPU
		Release|iPhone = Release|iPhone
		Release|iPhoneSimulator = Release|iPhoneSimulator
	EndGlobalSection
	GlobalSection(ProjectConfigurationPlatforms) = postSolution
		{3CBE1C8D-C89B-4872-896B-125E08DCF48D}.Debug|Any CPU.ActiveCfg = Debug|Any CPU
		{3CBE1C8D-C89B-4872-896B-125E08DCF48D}.Debug|Any CPU.Build.0 = Debug|Any CPU
		{3CBE1C8D-C89B-4872-896B-125E08DCF48D}.Debug|Any CPU.Deploy.0 = Debug|Any CPU
		{3CBE1C8D-C89B-4872-896B-125E08DCF48D}.Debug|iPhone.ActiveCfg = Debug|Any CPU
		{3CBE1C8D-C89B-4872-896B-125E08DCF48D}.Debug|iPhone.Build.0 = Debug|Any CPU
		{3CBE1C8D-C89B-4872-896B-125E08DCF48D}.Debug|iPhone.Deploy.0 = Debug|Any CPU
		{3CBE1C8D-C89B-4872-896B-125E08DCF48D}.Debug|iPhoneSimulator.ActiveCfg = Debug|Any CPU
		{3CBE1C8D-C89B-4872-896B-125E08DCF48D}.Debug|iPhoneSimulator.Build.0 = Debug|Any CPU
		{3CBE1C8D-C89B-4872-896B-125E08DCF48D}.Debug|iPhoneSimulator.Deploy.0 = Debug|Any CPU
		{3CBE1C8D-C89B-4872-896B-125E08DCF48D}.Release|Any CPU.ActiveCfg = Release|Any CPU
		{3CBE1C8D-C89B-4872-896B-125E08DCF48D}.Release|Any CPU.Build.0 = Release|Any CPU
		{3CBE1C8D-C89B-4872-896B-125E08DCF48D}.Release|Any CPU.Deploy.0 = Release|Any CPU
		{3CBE1C8D-C89B-4872-896B-125E08DCF48D}.Release|iPhone.ActiveCfg = Release|Any CPU
		{3CBE1C8D-C89B-4872-896B-125E08DCF48D}.Release|iPhone.Build.0 = Release|Any CPU
		{3CBE1C8D-C89B-4872-896B-125E08DCF48D}.Release|iPhone.Deploy.0 = Release|Any CPU
		{3CBE1C8D-C89B-4872-896B-125E08DCF48D}.Release|iPhoneSimulator.ActiveCfg = Release|Any CPU
		{3CBE1C8D-C89B-4872-896B-125E08DCF48D}.Release|iPhoneSimulator.Build.0 = Release|Any CPU
		{3CBE1C8D-C89B-4872-896B-125E08DCF48D}.Release|iPhoneSimulator.Deploy.0 = Release|Any CPU
		{F19AA098-05D5-460E-B0EB-16945E6D7E56}.Debug|Any CPU.ActiveCfg = Debug|iPhoneSimulator
		{F19AA098-05D5-460E-B0EB-16945E6D7E56}.Debug|Any CPU.Build.0 = Debug|iPhoneSimulator
		{F19AA098-05D5-460E-B0EB-16945E6D7E56}.Debug|Any CPU.Deploy.0 = Debug|iPhoneSimulator
		{F19AA098-05D5-460E-B0EB-16945E6D7E56}.Debug|iPhone.ActiveCfg = Debug|iPhone
		{F19AA098-05D5-460E-B0EB-16945E6D7E56}.Debug|iPhone.Build.0 = Debug|iPhone
		{F19AA098-05D5-460E-B0EB-16945E6D7E56}.Debug|iPhone.Deploy.0 = Debug|iPhone
		{F19AA098-05D5-460E-B0EB-16945E6D7E56}.Debug|iPhoneSimulator.ActiveCfg = Debug|iPhoneSimulator
		{F19AA098-05D5-460E-B0EB-16945E6D7E56}.Debug|iPhoneSimulator.Build.0 = Debug|iPhoneSimulator
		{F19AA098-05D5-460E-B0EB-16945E6D7E56}.Debug|iPhoneSimulator.Deploy.0 = Debug|iPhoneSimulator
		{F19AA098-05D5-460E-B0EB-16945E6D7E56}.Release|Any CPU.ActiveCfg = Release|iPhone
		{F19AA098-05D5-460E-B0EB-16945E6D7E56}.Release|Any CPU.Build.0 = Release|iPhone
		{F19AA098-05D5-460E-B0EB-16945E6D7E56}.Release|Any CPU.Deploy.0 = Release|iPhone
		{F19AA098-05D5-460E-B0EB-16945E6D7E56}.Release|iPhone.ActiveCfg = Release|iPhone
		{F19AA098-05D5-460E-B0EB-16945E6D7E56}.Release|iPhone.Build.0 = Release|iPhone
		{F19AA098-05D5-460E-B0EB-16945E6D7E56}.Release|iPhone.Deploy.0 = Release|iPhone
		{F19AA098-05D5-460E-B0EB-16945E6D7E56}.Release|iPhoneSimulator.ActiveCfg = Release|iPhoneSimulator
		{F19AA098-05D5-460E-B0EB-16945E6D7E56}.Release|iPhoneSimulator.Build.0 = Release|iPhoneSimulator
		{F19AA098-05D5-460E-B0EB-16945E6D7E56}.Release|iPhoneSimulator.Deploy.0 = Release|iPhoneSimulator
		{8759B53C-4ED8-4D6E-B569-23EA7BEEB693}.Debug|Any CPU.ActiveCfg = Debug|Any CPU
		{8759B53C-4ED8-4D6E-B569-23EA7BEEB693}.Debug|Any CPU.Build.0 = Debug|Any CPU
		{8759B53C-4ED8-4D6E-B569-23EA7BEEB693}.Debug|Any CPU.Deploy.0 = Debug|Any CPU
		{8759B53C-4ED8-4D6E-B569-23EA7BEEB693}.Debug|iPhone.ActiveCfg = Debug|Any CPU
		{8759B53C-4ED8-4D6E-B569-23EA7BEEB693}.Debug|iPhone.Build.0 = Debug|Any CPU
		{8759B53C-4ED8-4D6E-B569-23EA7BEEB693}.Debug|iPhone.Deploy.0 = Debug|Any CPU
		{8759B53C-4ED8-4D6E-B569-23EA7BEEB693}.Debug|iPhoneSimulator.ActiveCfg = Debug|Any CPU
		{8759B53C-4ED8-4D6E-B569-23EA7BEEB693}.Debug|iPhoneSimulator.Build.0 = Debug|Any CPU
		{8759B53C-4ED8-4D6E-B569-23EA7BEEB693}.Debug|iPhoneSimulator.Deploy.0 = Debug|Any CPU
		{8759B53C-4ED8-4D6E-B569-23EA7BEEB693}.Release|Any CPU.ActiveCfg = Release|Any CPU
		{8759B53C-4ED8-4D6E-B569-23EA7BEEB693}.Release|Any CPU.Build.0 = Release|Any CPU
		{8759B53C-4ED8-4D6E-B569-23EA7BEEB693}.Release|Any CPU.Deploy.0 = Release|Any CPU
		{8759B53C-4ED8-4D6E-B569-23EA7BEEB693}.Release|iPhone.ActiveCfg = Release|Any CPU
		{8759B53C-4ED8-4D6E-B569-23EA7BEEB693}.Release|iPhone.Build.0 = Release|Any CPU
		{8759B53C-4ED8-4D6E-B569-23EA7BEEB693}.Release|iPhone.Deploy.0 = Release|Any CPU
		{8759B53C-4ED8-4D6E-B569-23EA7BEEB693}.Release|iPhoneSimulator.ActiveCfg = Release|Any CPU
		{8759B53C-4ED8-4D6E-B569-23EA7BEEB693}.Release|iPhoneSimulator.Build.0 = Release|Any CPU
		{8759B53C-4ED8-4D6E-B569-23EA7BEEB693}.Release|iPhoneSimulator.Deploy.0 = Release|Any CPU
	EndGlobalSection
	GlobalSection(SolutionProperties) = preSolution
		HideSolutionNode = FALSE
	EndGlobalSection
	GlobalSection(ExtensibilityGlobals) = postSolution
		SolutionGuid = {99E2EF49-FA88-4ED7-9EF7-03DF90810D87}
	EndGlobalSection
EndGlobal
